
Microsoft Visual Studio Solution File, Format Version 12.00
# Visual Studio Version 17
VisualStudioVersion = 17.4.33110.190
MinimumVisualStudioVersion = 10.0.40219.1
Project("{FAE04EC0-301F-11D3-BF4B-00C04F79EFBC}") = "Begnner_1", "Begnner_1\Begnner_1.csproj", "{751DB488-C46E-44CB-BE23-F92C97DDF37B}"
EndProject
Global
	GlobalSection(SolutionConfigurationPlatforms) = preSolution
		Debug|Any CPU = Debug|Any CPU
		Release|Any CPU = Release|Any CPU
	EndGlobalSection
	GlobalSection(ProjectConfigurationPlatforms) = postSolution
		{751DB488-C46E-44CB-BE23-F92C97DDF37B}.Debug|Any CPU.ActiveCfg = Debug|Any CPU
		{751DB488-C46E-44CB-BE23-F92C97DDF37B}.Debug|Any CPU.Build.0 = Debug|Any CPU
		{751DB488-C46E-44CB-BE23-F92C97DDF37B}.Release|Any CPU.ActiveCfg = Release|Any CPU
		{751DB488-C46E-44CB-BE23-F92C97DDF37B}.Release|Any CPU.Build.0 = Release|Any CPU
	EndGlobalSection
	GlobalSection(SolutionProperties) = preSolution
		HideSolutionNode = FALSE
	EndGlobalSection
	GlobalSection(ExtensibilityGlobals) = postSolution
		SolutionGuid = {7F865C11-4148-4942-BBAE-631B3FC55834}
	EndGlobalSection
EndGlobal
