
Microsoft Visual Studio Solution File, Format Version 12.00
# Visual Studio Version 17
VisualStudioVersion = 17.4.33110.190
MinimumVisualStudioVersion = 10.0.40219.1
Project("{FAE04EC0-301F-11D3-BF4B-00C04F79EFBC}") = "Beginner_15", "Beginner_15\Beginner_15.csproj", "{68BB02CC-3DD2-403B-851A-791E7DBF3A5E}"
EndProject
Global
	GlobalSection(SolutionConfigurationPlatforms) = preSolution
		Debug|Any CPU = Debug|Any CPU
		Release|Any CPU = Release|Any CPU
	EndGlobalSection
	GlobalSection(ProjectConfigurationPlatforms) = postSolution
		{68BB02CC-3DD2-403B-851A-791E7DBF3A5E}.Debug|Any CPU.ActiveCfg = Debug|Any CPU
		{68BB02CC-3DD2-403B-851A-791E7DBF3A5E}.Debug|Any CPU.Build.0 = Debug|Any CPU
		{68BB02CC-3DD2-403B-851A-791E7DBF3A5E}.Release|Any CPU.ActiveCfg = Release|Any CPU
		{68BB02CC-3DD2-403B-851A-791E7DBF3A5E}.Release|Any CPU.Build.0 = Release|Any CPU
	EndGlobalSection
	GlobalSection(SolutionProperties) = preSolution
		HideSolutionNode = FALSE
	EndGlobalSection
	GlobalSection(ExtensibilityGlobals) = postSolution
		SolutionGuid = {EB96A9E4-1CCC-4FE6-B8AC-5633900DFAD6}
	EndGlobalSection
EndGlobal
