
Microsoft Visual Studio Solution File, Format Version 12.00
# Visual Studio Version 17
VisualStudioVersion = 17.4.33110.190
MinimumVisualStudioVersion = 10.0.40219.1
Project("{FAE04EC0-301F-11D3-BF4B-00C04F79EFBC}") = "Beginner_39", "Beginner_39\Beginner_39.csproj", "{953A0850-B4D6-4406-BE2D-6CDEAC39F618}"
EndProject
Global
	GlobalSection(SolutionConfigurationPlatforms) = preSolution
		Debug|Any CPU = Debug|Any CPU
		Release|Any CPU = Release|Any CPU
	EndGlobalSection
	GlobalSection(ProjectConfigurationPlatforms) = postSolution
		{953A0850-B4D6-4406-BE2D-6CDEAC39F618}.Debug|Any CPU.ActiveCfg = Debug|Any CPU
		{953A0850-B4D6-4406-BE2D-6CDEAC39F618}.Debug|Any CPU.Build.0 = Debug|Any CPU
		{953A0850-B4D6-4406-BE2D-6CDEAC39F618}.Release|Any CPU.ActiveCfg = Release|Any CPU
		{953A0850-B4D6-4406-BE2D-6CDEAC39F618}.Release|Any CPU.Build.0 = Release|Any CPU
	EndGlobalSection
	GlobalSection(SolutionProperties) = preSolution
		HideSolutionNode = FALSE
	EndGlobalSection
	GlobalSection(ExtensibilityGlobals) = postSolution
		SolutionGuid = {92F9F417-48EF-4DF0-8E3F-6A3F59BDBF16}
	EndGlobalSection
EndGlobal
