
Microsoft Visual Studio Solution File, Format Version 12.00
# Visual Studio Version 17
VisualStudioVersion = 17.4.33110.190
MinimumVisualStudioVersion = 10.0.40219.1
Project("{FAE04EC0-301F-11D3-BF4B-00C04F79EFBC}") = "While_", "While_\While_.csproj", "{D3792845-6941-4208-9674-5812194AEA97}"
EndProject
Global
	GlobalSection(SolutionConfigurationPlatforms) = preSolution
		Debug|Any CPU = Debug|Any CPU
		Release|Any CPU = Release|Any CPU
	EndGlobalSection
	GlobalSection(ProjectConfigurationPlatforms) = postSolution
		{D3792845-6941-4208-9674-5812194AEA97}.Debug|Any CPU.ActiveCfg = Debug|Any CPU
		{D3792845-6941-4208-9674-5812194AEA97}.Debug|Any CPU.Build.0 = Debug|Any CPU
		{D3792845-6941-4208-9674-5812194AEA97}.Release|Any CPU.ActiveCfg = Release|Any CPU
		{D3792845-6941-4208-9674-5812194AEA97}.Release|Any CPU.Build.0 = Release|Any CPU
	EndGlobalSection
	GlobalSection(SolutionProperties) = preSolution
		HideSolutionNode = FALSE
	EndGlobalSection
	GlobalSection(ExtensibilityGlobals) = postSolution
		SolutionGuid = {1A1DF195-96A8-4FAB-A37A-0A8DD6B5BB43}
	EndGlobalSection
EndGlobal
