
Microsoft Visual Studio Solution File, Format Version 12.00
# Visual Studio Version 17
VisualStudioVersion = 17.4.33110.190
MinimumVisualStudioVersion = 10.0.40219.1
Project("{FAE04EC0-301F-11D3-BF4B-00C04F79EFBC}") = "Cases", "Cases\Cases.csproj", "{D1B7D2A1-330E-45BE-8782-DDFF45DFB480}"
EndProject
Global
	GlobalSection(SolutionConfigurationPlatforms) = preSolution
		Debug|Any CPU = Debug|Any CPU
		Release|Any CPU = Release|Any CPU
	EndGlobalSection
	GlobalSection(ProjectConfigurationPlatforms) = postSolution
		{D1B7D2A1-330E-45BE-8782-DDFF45DFB480}.Debug|Any CPU.ActiveCfg = Debug|Any CPU
		{D1B7D2A1-330E-45BE-8782-DDFF45DFB480}.Debug|Any CPU.Build.0 = Debug|Any CPU
		{D1B7D2A1-330E-45BE-8782-DDFF45DFB480}.Release|Any CPU.ActiveCfg = Release|Any CPU
		{D1B7D2A1-330E-45BE-8782-DDFF45DFB480}.Release|Any CPU.Build.0 = Release|Any CPU
	EndGlobalSection
	GlobalSection(SolutionProperties) = preSolution
		HideSolutionNode = FALSE
	EndGlobalSection
	GlobalSection(ExtensibilityGlobals) = postSolution
		SolutionGuid = {17340C0C-B8DC-4741-B78A-CD450BAFB062}
	EndGlobalSection
EndGlobal
