
Microsoft Visual Studio Solution File, Format Version 12.00
# Visual Studio Version 17
VisualStudioVersion = 17.4.33110.190
MinimumVisualStudioVersion = 10.0.40219.1
Project("{FAE04EC0-301F-11D3-BF4B-00C04F79EFBC}") = "Beginner_38", "Beginner_38\Beginner_38.csproj", "{292D7B82-86C8-4321-AC6E-A43CA19F9CEE}"
EndProject
Global
	GlobalSection(SolutionConfigurationPlatforms) = preSolution
		Debug|Any CPU = Debug|Any CPU
		Release|Any CPU = Release|Any CPU
	EndGlobalSection
	GlobalSection(ProjectConfigurationPlatforms) = postSolution
		{292D7B82-86C8-4321-AC6E-A43CA19F9CEE}.Debug|Any CPU.ActiveCfg = Debug|Any CPU
		{292D7B82-86C8-4321-AC6E-A43CA19F9CEE}.Debug|Any CPU.Build.0 = Debug|Any CPU
		{292D7B82-86C8-4321-AC6E-A43CA19F9CEE}.Release|Any CPU.ActiveCfg = Release|Any CPU
		{292D7B82-86C8-4321-AC6E-A43CA19F9CEE}.Release|Any CPU.Build.0 = Release|Any CPU
	EndGlobalSection
	GlobalSection(SolutionProperties) = preSolution
		HideSolutionNode = FALSE
	EndGlobalSection
	GlobalSection(ExtensibilityGlobals) = postSolution
		SolutionGuid = {D13256E8-5617-4CC9-A4D1-AC05F2272C32}
	EndGlobalSection
EndGlobal
